
Microsoft Visual Studio Solution File, Format Version 12.00
# Visual Studio Version 17
VisualStudioVersion = 17.4.33205.214
MinimumVisualStudioVersion = 10.0.40219.1
Project("{FAE04EC0-301F-11D3-BF4B-00C04F79EFBC}") = "WpfConsole", "WpfConsole\WpfConsole.csproj", "{47CCCEA0-4325-42E4-8682-9C251E89BA7D}"
EndProject
Global
	GlobalSection(SolutionConfigurationPlatforms) = preSolution
		Debug|Any CPU = Debug|Any CPU
		Release|Any CPU = Release|Any CPU
	EndGlobalSection
	GlobalSection(ProjectConfigurationPlatforms) = postSolution
		{47CCCEA0-4325-42E4-8682-9C251E89BA7D}.Debug|Any CPU.ActiveCfg = Debug|Any CPU
		{47CCCEA0-4325-42E4-8682-9C251E89BA7D}.Debug|Any CPU.Build.0 = Debug|Any CPU
		{47CCCEA0-4325-42E4-8682-9C251E89BA7D}.Release|Any CPU.ActiveCfg = Release|Any CPU
		{47CCCEA0-4325-42E4-8682-9C251E89BA7D}.Release|Any CPU.Build.0 = Release|Any CPU
	EndGlobalSection
	GlobalSection(SolutionProperties) = preSolution
		HideSolutionNode = FALSE
	EndGlobalSection
	GlobalSection(ExtensibilityGlobals) = postSolution
		SolutionGuid = {B09793ED-0616-47C7-82BC-30C26A2B7924}
	EndGlobalSection
EndGlobal
